
Microsoft Visual Studio Solution File, Format Version 12.00
# Visual Studio Version 16
VisualStudioVersion = 16.0.30907.101
MinimumVisualStudioVersion = 10.0.40219.1
Project("{FAE04EC0-301F-11D3-BF4B-00C04F79EFBC}") = "ConsoleApp1", "ConsoleApp1\ConsoleApp1.csproj", "{978AC4B5-354F-40E7-9C0F-DBD78C8600F5}"
EndProject
Global
	GlobalSection(SolutionConfigurationPlatforms) = preSolution
		Debug|Any CPU = Debug|Any CPU
		Release|Any CPU = Release|Any CPU
	EndGlobalSection
	GlobalSection(ProjectConfigurationPlatforms) = postSolution
		{978AC4B5-354F-40E7-9C0F-DBD78C8600F5}.Debug|Any CPU.ActiveCfg = Debug|Any CPU
		{978AC4B5-354F-40E7-9C0F-DBD78C8600F5}.Debug|Any CPU.Build.0 = Debug|Any CPU
		{978AC4B5-354F-40E7-9C0F-DBD78C8600F5}.Release|Any CPU.ActiveCfg = Release|Any CPU
		{978AC4B5-354F-40E7-9C0F-DBD78C8600F5}.Release|Any CPU.Build.0 = Release|Any CPU
	EndGlobalSection
	GlobalSection(SolutionProperties) = preSolution
		HideSolutionNode = FALSE
	EndGlobalSection
	GlobalSection(ExtensibilityGlobals) = postSolution
		SolutionGuid = {32D3BD95-A5AB-4803-92B1-C77E218417E0}
	EndGlobalSection
EndGlobal
